
Microsoft Visual Studio Solution File, Format Version 12.00
# Visual Studio 15
VisualStudioVersion = 15.0.27004.2005
MinimumVisualStudioVersion = 10.0.40219.1
Project("{8BC9CEB8-8B4A-11D0-8D11-00A0C91BC942}") = "leetcode006", "leetcode006\leetcode006.vcxproj", "{B878EAC0-4D03-4D02-80FC-9974DC96DB39}"
EndProject
Project("{8BC9CEB8-8B4A-11D0-8D11-00A0C91BC942}") = "leetcode008", "leetcode008\leetcode008.vcxproj", "{38A58C96-C879-46CA-AC3F-361BDA7DD25F}"
EndProject
Project("{8BC9CEB8-8B4A-11D0-8D11-00A0C91BC942}") = "leetcode009", "leetcode009\leetcode009.vcxproj", "{042F2965-67FC-4BFD-B814-DCC76445AA1E}"
EndProject
Project("{8BC9CEB8-8B4A-11D0-8D11-00A0C91BC942}") = "leetcode017", "leetcode017\leetcode017.vcxproj", "{48CE1F3C-BA74-42E4-B835-831C491CC1F9}"
EndProject
Project("{8BC9CEB8-8B4A-11D0-8D11-00A0C91BC942}") = "leetcode035", "leetcode035\leetcode035.vcxproj", "{DED09A76-95B1-4338-A642-634332F0AEB9}"
EndProject
Project("{8BC9CEB8-8B4A-11D0-8D11-00A0C91BC942}") = "leetcode038", "leetcode038\leetcode038.vcxproj", "{60F38632-558B-4D60-9889-ADC27F086165}"
EndProject
Project("{8BC9CEB8-8B4A-11D0-8D11-00A0C91BC942}") = "leetcode050", "leetcode050\leetcode050.vcxproj", "{E724E3E1-EF02-4AE2-968B-56DBB42AF008}"
EndProject
Project("{8BC9CEB8-8B4A-11D0-8D11-00A0C91BC942}") = "leetcode015", "leetcode015\leetcode015.vcxproj", "{D5906CFE-F063-4295-8038-5487F739B809}"
EndProject
Project("{8BC9CEB8-8B4A-11D0-8D11-00A0C91BC942}") = "utils", "utils\utils.vcxproj", "{9E424141-5CBC-4951-AF53-C8AB9DF8FD85}"
EndProject
Project("{8BC9CEB8-8B4A-11D0-8D11-00A0C91BC942}") = "leetcode001", "leetcode001\leetcode001.vcxproj", "{80200211-FC7E-4460-8FD7-D2F3F44582B2}"
EndProject
Project("{8BC9CEB8-8B4A-11D0-8D11-00A0C91BC942}") = "leetcode028", "leetcode028\leetcode028.vcxproj", "{62CAFAF5-D065-4BA5-A5FB-49AECDE18696}"
EndProject
Project("{8BC9CEB8-8B4A-11D0-8D11-00A0C91BC942}") = "leetcode025", "leetcode025\leetcode025.vcxproj", "{E27D2734-EB7F-4EB1-9DCC-F3574EB1E10F}"
EndProject
Project("{8BC9CEB8-8B4A-11D0-8D11-00A0C91BC942}") = "leetcode014", "leetcode014\leetcode014.vcxproj", "{F01C2967-DD10-4319-B4F2-606085622067}"
EndProject
Project("{8BC9CEB8-8B4A-11D0-8D11-00A0C91BC942}") = "leetcode048", "leetcode048\leetcode048.vcxproj", "{14F3E185-91DB-4B0E-975F-223704C707E6}"
EndProject
Project("{8BC9CEB8-8B4A-11D0-8D11-00A0C91BC942}") = "leetcode012", "leetcode012\leetcode012.vcxproj", "{16145D3B-EB7F-40BE-B30B-A230D1003220}"
EndProject
Project("{8BC9CEB8-8B4A-11D0-8D11-00A0C91BC942}") = "leetcode013", "leetcode013\leetcode013.vcxproj", "{48287EA3-BF77-4CD6-BBF5-C0886949A007}"
EndProject
Project("{8BC9CEB8-8B4A-11D0-8D11-00A0C91BC942}") = "leetcode030", "leetcode030\leetcode030.vcxproj", "{32DEDEEE-D611-4E54-BA36-2AF5B1E738DE}"
EndProject
Project("{8BC9CEB8-8B4A-11D0-8D11-00A0C91BC942}") = "leetcode011", "leetcode011\leetcode011.vcxproj", "{5BE25937-E969-4930-9FBF-BD4DEF0F5AAD}"
EndProject
Project("{8BC9CEB8-8B4A-11D0-8D11-00A0C91BC942}") = "leetcode016", "leetcode016\leetcode016.vcxproj", "{7038D2F5-04B3-4207-BC8B-943805671280}"
EndProject
Global
	GlobalSection(SolutionConfigurationPlatforms) = preSolution
		Debug|x64 = Debug|x64
		Release|x64 = Release|x64
	EndGlobalSection
	GlobalSection(ProjectConfigurationPlatforms) = postSolution
		{B878EAC0-4D03-4D02-80FC-9974DC96DB39}.Debug|x64.ActiveCfg = Debug|x64
		{B878EAC0-4D03-4D02-80FC-9974DC96DB39}.Debug|x64.Build.0 = Debug|x64
		{B878EAC0-4D03-4D02-80FC-9974DC96DB39}.Release|x64.ActiveCfg = Release|x64
		{B878EAC0-4D03-4D02-80FC-9974DC96DB39}.Release|x64.Build.0 = Release|x64
		{38A58C96-C879-46CA-AC3F-361BDA7DD25F}.Debug|x64.ActiveCfg = Debug|x64
		{38A58C96-C879-46CA-AC3F-361BDA7DD25F}.Debug|x64.Build.0 = Debug|x64
		{38A58C96-C879-46CA-AC3F-361BDA7DD25F}.Release|x64.ActiveCfg = Release|x64
		{38A58C96-C879-46CA-AC3F-361BDA7DD25F}.Release|x64.Build.0 = Release|x64
		{042F2965-67FC-4BFD-B814-DCC76445AA1E}.Debug|x64.ActiveCfg = Debug|x64
		{042F2965-67FC-4BFD-B814-DCC76445AA1E}.Debug|x64.Build.0 = Debug|x64
		{042F2965-67FC-4BFD-B814-DCC76445AA1E}.Release|x64.ActiveCfg = Release|x64
		{042F2965-67FC-4BFD-B814-DCC76445AA1E}.Release|x64.Build.0 = Release|x64
		{48CE1F3C-BA74-42E4-B835-831C491CC1F9}.Debug|x64.ActiveCfg = Debug|x64
		{48CE1F3C-BA74-42E4-B835-831C491CC1F9}.Debug|x64.Build.0 = Debug|x64
		{48CE1F3C-BA74-42E4-B835-831C491CC1F9}.Release|x64.ActiveCfg = Release|x64
		{48CE1F3C-BA74-42E4-B835-831C491CC1F9}.Release|x64.Build.0 = Release|x64
		{DED09A76-95B1-4338-A642-634332F0AEB9}.Debug|x64.ActiveCfg = Debug|x64
		{DED09A76-95B1-4338-A642-634332F0AEB9}.Debug|x64.Build.0 = Debug|x64
		{DED09A76-95B1-4338-A642-634332F0AEB9}.Release|x64.ActiveCfg = Release|x64
		{DED09A76-95B1-4338-A642-634332F0AEB9}.Release|x64.Build.0 = Release|x64
		{60F38632-558B-4D60-9889-ADC27F086165}.Debug|x64.ActiveCfg = Debug|x64
		{60F38632-558B-4D60-9889-ADC27F086165}.Debug|x64.Build.0 = Debug|x64
		{60F38632-558B-4D60-9889-ADC27F086165}.Release|x64.ActiveCfg = Release|x64
		{60F38632-558B-4D60-9889-ADC27F086165}.Release|x64.Build.0 = Release|x64
		{E724E3E1-EF02-4AE2-968B-56DBB42AF008}.Debug|x64.ActiveCfg = Debug|x64
		{E724E3E1-EF02-4AE2-968B-56DBB42AF008}.Debug|x64.Build.0 = Debug|x64
		{E724E3E1-EF02-4AE2-968B-56DBB42AF008}.Release|x64.ActiveCfg = Release|x64
		{E724E3E1-EF02-4AE2-968B-56DBB42AF008}.Release|x64.Build.0 = Release|x64
		{D5906CFE-F063-4295-8038-5487F739B809}.Debug|x64.ActiveCfg = Debug|x64
		{D5906CFE-F063-4295-8038-5487F739B809}.Debug|x64.Build.0 = Debug|x64
		{D5906CFE-F063-4295-8038-5487F739B809}.Release|x64.ActiveCfg = Release|x64
		{D5906CFE-F063-4295-8038-5487F739B809}.Release|x64.Build.0 = Release|x64
		{9E424141-5CBC-4951-AF53-C8AB9DF8FD85}.Debug|x64.ActiveCfg = Debug|x64
		{9E424141-5CBC-4951-AF53-C8AB9DF8FD85}.Debug|x64.Build.0 = Debug|x64
		{9E424141-5CBC-4951-AF53-C8AB9DF8FD85}.Release|x64.ActiveCfg = Release|x64
		{9E424141-5CBC-4951-AF53-C8AB9DF8FD85}.Release|x64.Build.0 = Release|x64
		{80200211-FC7E-4460-8FD7-D2F3F44582B2}.Debug|x64.ActiveCfg = Debug|x64
		{80200211-FC7E-4460-8FD7-D2F3F44582B2}.Debug|x64.Build.0 = Debug|x64
		{80200211-FC7E-4460-8FD7-D2F3F44582B2}.Release|x64.ActiveCfg = Release|x64
		{80200211-FC7E-4460-8FD7-D2F3F44582B2}.Release|x64.Build.0 = Release|x64
		{62CAFAF5-D065-4BA5-A5FB-49AECDE18696}.Debug|x64.ActiveCfg = Debug|x64
		{62CAFAF5-D065-4BA5-A5FB-49AECDE18696}.Debug|x64.Build.0 = Debug|x64
		{62CAFAF5-D065-4BA5-A5FB-49AECDE18696}.Release|x64.ActiveCfg = Release|x64
		{62CAFAF5-D065-4BA5-A5FB-49AECDE18696}.Release|x64.Build.0 = Release|x64
		{E27D2734-EB7F-4EB1-9DCC-F3574EB1E10F}.Debug|x64.ActiveCfg = Debug|x64
		{E27D2734-EB7F-4EB1-9DCC-F3574EB1E10F}.Debug|x64.Build.0 = Debug|x64
		{E27D2734-EB7F-4EB1-9DCC-F3574EB1E10F}.Release|x64.ActiveCfg = Release|x64
		{E27D2734-EB7F-4EB1-9DCC-F3574EB1E10F}.Release|x64.Build.0 = Release|x64
		{F01C2967-DD10-4319-B4F2-606085622067}.Debug|x64.ActiveCfg = Debug|x64
		{F01C2967-DD10-4319-B4F2-606085622067}.Debug|x64.Build.0 = Debug|x64
		{F01C2967-DD10-4319-B4F2-606085622067}.Release|x64.ActiveCfg = Release|x64
		{F01C2967-DD10-4319-B4F2-606085622067}.Release|x64.Build.0 = Release|x64
		{14F3E185-91DB-4B0E-975F-223704C707E6}.Debug|x64.ActiveCfg = Debug|x64
		{14F3E185-91DB-4B0E-975F-223704C707E6}.Debug|x64.Build.0 = Debug|x64
		{14F3E185-91DB-4B0E-975F-223704C707E6}.Release|x64.ActiveCfg = Release|x64
		{14F3E185-91DB-4B0E-975F-223704C707E6}.Release|x64.Build.0 = Release|x64
		{16145D3B-EB7F-40BE-B30B-A230D1003220}.Debug|x64.ActiveCfg = Debug|x64
		{16145D3B-EB7F-40BE-B30B-A230D1003220}.Debug|x64.Build.0 = Debug|x64
		{16145D3B-EB7F-40BE-B30B-A230D1003220}.Release|x64.ActiveCfg = Release|x64
		{16145D3B-EB7F-40BE-B30B-A230D1003220}.Release|x64.Build.0 = Release|x64
		{48287EA3-BF77-4CD6-BBF5-C0886949A007}.Debug|x64.ActiveCfg = Debug|x64
		{48287EA3-BF77-4CD6-BBF5-C0886949A007}.Debug|x64.Build.0 = Debug|x64
		{48287EA3-BF77-4CD6-BBF5-C0886949A007}.Release|x64.ActiveCfg = Release|x64
		{48287EA3-BF77-4CD6-BBF5-C0886949A007}.Release|x64.Build.0 = Release|x64
		{32DEDEEE-D611-4E54-BA36-2AF5B1E738DE}.Debug|x64.ActiveCfg = Debug|x64
		{32DEDEEE-D611-4E54-BA36-2AF5B1E738DE}.Debug|x64.Build.0 = Debug|x64
		{32DEDEEE-D611-4E54-BA36-2AF5B1E738DE}.Release|x64.ActiveCfg = Release|x64
		{32DEDEEE-D611-4E54-BA36-2AF5B1E738DE}.Release|x64.Build.0 = Release|x64
		{5BE25937-E969-4930-9FBF-BD4DEF0F5AAD}.Debug|x64.ActiveCfg = Debug|x64
		{5BE25937-E969-4930-9FBF-BD4DEF0F5AAD}.Debug|x64.Build.0 = Debug|x64
		{5BE25937-E969-4930-9FBF-BD4DEF0F5AAD}.Release|x64.ActiveCfg = Release|x64
		{5BE25937-E969-4930-9FBF-BD4DEF0F5AAD}.Release|x64.Build.0 = Release|x64
		{7038D2F5-04B3-4207-BC8B-943805671280}.Debug|x64.ActiveCfg = Debug|x64
		{7038D2F5-04B3-4207-BC8B-943805671280}.Debug|x64.Build.0 = Debug|x64
		{7038D2F5-04B3-4207-BC8B-943805671280}.Release|x64.ActiveCfg = Release|x64
		{7038D2F5-04B3-4207-BC8B-943805671280}.Release|x64.Build.0 = Release|x64
	EndGlobalSection
	GlobalSection(SolutionProperties) = preSolution
		HideSolutionNode = FALSE
	EndGlobalSection
	GlobalSection(ExtensibilityGlobals) = postSolution
		SolutionGuid = {E3A7280F-D84E-4346-8545-D418A787519A}
	EndGlobalSection
EndGlobal
